// !$*UTF8*$!
{
	archiveVersion = 1;
	classes = {
	};
	objectVersion = 50;
	objects = {

/* Begin PBXBuildFile section */
		7980717D2484AE7300EBDD1B /* AppDelegate.swift in Sources */ = {isa = PBXBuildFile; fileRef = 7980717C2484AE7300EBDD1B /* AppDelegate.swift */; };
		7980717F2484AE7300EBDD1B /* SceneDelegate.swift in Sources */ = {isa = PBXBuildFile; fileRef = 7980717E2484AE7300EBDD1B /* SceneDelegate.swift */; };
		798071812484AE7300EBDD1B /* ContentView.swift in Sources */ = {isa = PBXBuildFile; fileRef = 798071802484AE7300EBDD1B /* ContentView.swift */; };
		798071832484AE7500EBDD1B /* Assets.xcassets in Resources */ = {isa = PBXBuildFile; fileRef = 798071822484AE7500EBDD1B /* Assets.xcassets */; };
		798071862484AE7500EBDD1B /* Preview Assets.xcassets in Resources */ = {isa = PBXBuildFile; fileRef = 798071852484AE7500EBDD1B /* Preview Assets.xcassets */; };
		798071892484AE7500EBDD1B /* LaunchScreen.storyboard in Resources */ = {isa = PBXBuildFile; fileRef = 798071872484AE7500EBDD1B /* LaunchScreen.storyboard */; };
		798071942484AE7500EBDD1B /* BestPracticesUnitTestExampleTests.swift in Sources */ = {isa = PBXBuildFile; fileRef = 798071932484AE7500EBDD1B /* BestPracticesUnitTestExampleTests.swift */; };
		7980719F2484B8B000EBDD1B /* FilesForTest.swift in Sources */ = {isa = PBXBuildFile; fileRef = 7980719E2484B8B000EBDD1B /* FilesForTest.swift */; };
		798071A1248549CD00EBDD1B /* ValueBasedTests.swift in Sources */ = {isa = PBXBuildFile; fileRef = 798071A0248549CD00EBDD1B /* ValueBasedTests.swift */; };
		798071A324854E7800EBDD1B /* StateBasedTests.swift in Sources */ = {isa = PBXBuildFile; fileRef = 798071A224854E7800EBDD1B /* StateBasedTests.swift */; };
		798071A524854EF200EBDD1B /* FakeStoresFactory.swift in Sources */ = {isa = PBXBuildFile; fileRef = 798071A424854EF200EBDD1B /* FakeStoresFactory.swift */; };
		798071A924854F6300EBDD1B /* FakeAnalytics.swift in Sources */ = {isa = PBXBuildFile; fileRef = 798071A824854F6300EBDD1B /* FakeAnalytics.swift */; };
		79926783248A989E00BBF4FE /* InteractionTests_callingSetup.swift in Sources */ = {isa = PBXBuildFile; fileRef = 79926782248A989D00BBF4FE /* InteractionTests_callingSetup.swift */; };
/* End PBXBuildFile section */

/* Begin PBXContainerItemProxy section */
		798071902484AE7500EBDD1B /* PBXContainerItemProxy */ = {
			isa = PBXContainerItemProxy;
			containerPortal = 798071712484AE7300EBDD1B /* Project object */;
			proxyType = 1;
			remoteGlobalIDString = 798071782484AE7300EBDD1B;
			remoteInfo = BestPracticesUnitTestExample;
		};
/* End PBXContainerItemProxy section */

/* Begin PBXFileReference section */
		798071792484AE7300EBDD1B /* BestPracticesUnitTestExample.app */ = {isa = PBXFileReference; explicitFileType = wrapper.application; includeInIndex = 0; path = BestPracticesUnitTestExample.app; sourceTree = BUILT_PRODUCTS_DIR; };
		7980717C2484AE7300EBDD1B /* AppDelegate.swift */ = {isa = PBXFileReference; lastKnownFileType = sourcecode.swift; path = AppDelegate.swift; sourceTree = "<group>"; };
		7980717E2484AE7300EBDD1B /* SceneDelegate.swift */ = {isa = PBXFileReference; lastKnownFileType = sourcecode.swift; path = SceneDelegate.swift; sourceTree = "<group>"; };
		798071802484AE7300EBDD1B /* ContentView.swift */ = {isa = PBXFileReference; lastKnownFileType = sourcecode.swift; path = ContentView.swift; sourceTree = "<group>"; };
		798071822484AE7500EBDD1B /* Assets.xcassets */ = {isa = PBXFileReference; lastKnownFileType = folder.assetcatalog; path = Assets.xcassets; sourceTree = "<group>"; };
		798071852484AE7500EBDD1B /* Preview Assets.xcassets */ = {isa = PBXFileReference; lastKnownFileType = folder.assetcatalog; path = "Preview Assets.xcassets"; sourceTree = "<group>"; };
		798071882484AE7500EBDD1B /* Base */ = {isa = PBXFileReference; lastKnownFileType = file.storyboard; name = Base; path = Base.lproj/LaunchScreen.storyboard; sourceTree = "<group>"; };
		7980718A2484AE7500EBDD1B /* Info.plist */ = {isa = PBXFileReference; lastKnownFileType = text.plist.xml; path = Info.plist; sourceTree = "<group>"; };
		7980718F2484AE7500EBDD1B /* BestPracticesUnitTestExampleTests.xctest */ = {isa = PBXFileReference; explicitFileType = wrapper.cfbundle; includeInIndex = 0; path = BestPracticesUnitTestExampleTests.xctest; sourceTree = BUILT_PRODUCTS_DIR; };
		798071932484AE7500EBDD1B /* BestPracticesUnitTestExampleTests.swift */ = {isa = PBXFileReference; lastKnownFileType = sourcecode.swift; path = BestPracticesUnitTestExampleTests.swift; sourceTree = "<group>"; };
		798071952484AE7500EBDD1B /* Info.plist */ = {isa = PBXFileReference; lastKnownFileType = text.plist.xml; path = Info.plist; sourceTree = "<group>"; };
		7980719E2484B8B000EBDD1B /* FilesForTest.swift */ = {isa = PBXFileReference; lastKnownFileType = sourcecode.swift; path = FilesForTest.swift; sourceTree = "<group>"; };
		798071A0248549CD00EBDD1B /* ValueBasedTests.swift */ = {isa = PBXFileReference; lastKnownFileType = sourcecode.swift; path = ValueBasedTests.swift; sourceTree = "<group>"; };
		798071A224854E7800EBDD1B /* StateBasedTests.swift */ = {isa = PBXFileReference; lastKnownFileType = sourcecode.swift; path = StateBasedTests.swift; sourceTree = "<group>"; };
		798071A424854EF200EBDD1B /* FakeStoresFactory.swift */ = {isa = PBXFileReference; lastKnownFileType = sourcecode.swift; path = FakeStoresFactory.swift; sourceTree = "<group>"; };
		798071A824854F6300EBDD1B /* FakeAnalytics.swift */ = {isa = PBXFileReference; lastKnownFileType = sourcecode.swift; path = FakeAnalytics.swift; sourceTree = "<group>"; };
		79926782248A989D00BBF4FE /* InteractionTests_callingSetup.swift */ = {isa = PBXFileReference; lastKnownFileType = sourcecode.swift; path = InteractionTests_callingSetup.swift; sourceTree = "<group>"; };
/* End PBXFileReference section */

/* Begin PBXFrameworksBuildPhase section */
		798071762484AE7300EBDD1B /* Frameworks */ = {
			isa = PBXFrameworksBuildPhase;
			buildActionMask = 2147483647;
			files = (
			);
			runOnlyForDeploymentPostprocessing = 0;
		};
		7980718C2484AE7500EBDD1B /* Frameworks */ = {
			isa = PBXFrameworksBuildPhase;
			buildActionMask = 2147483647;
			files = (
			);
			runOnlyForDeploymentPostprocessing = 0;
		};
/* End PBXFrameworksBuildPhase section */

/* Begin PBXGroup section */
		798071702484AE7300EBDD1B = {
			isa = PBXGroup;
			children = (
				7980717B2484AE7300EBDD1B /* BestPracticesUnitTestExample */,
				798071922484AE7500EBDD1B /* BestPracticesUnitTestExampleTests */,
				7980717A2484AE7300EBDD1B /* Products */,
			);
			sourceTree = "<group>";
		};
		7980717A2484AE7300EBDD1B /* Products */ = {
			isa = PBXGroup;
			children = (
				798071792484AE7300EBDD1B /* BestPracticesUnitTestExample.app */,
				7980718F2484AE7500EBDD1B /* BestPracticesUnitTestExampleTests.xctest */,
			);
			name = Products;
			sourceTree = "<group>";
		};
		7980717B2484AE7300EBDD1B /* BestPracticesUnitTestExample */ = {
			isa = PBXGroup;
			children = (
				7980717C2484AE7300EBDD1B /* AppDelegate.swift */,
				7980717E2484AE7300EBDD1B /* SceneDelegate.swift */,
				798071802484AE7300EBDD1B /* ContentView.swift */,
				798071822484AE7500EBDD1B /* Assets.xcassets */,
				798071872484AE7500EBDD1B /* LaunchScreen.storyboard */,
				7980718A2484AE7500EBDD1B /* Info.plist */,
				798071842484AE7500EBDD1B /* Preview Content */,
				7980719E2484B8B000EBDD1B /* FilesForTest.swift */,
			);
			path = BestPracticesUnitTestExample;
			sourceTree = "<group>";
		};
		798071842484AE7500EBDD1B /* Preview Content */ = {
			isa = PBXGroup;
			children = (
				798071852484AE7500EBDD1B /* Preview Assets.xcassets */,
			);
			path = "Preview Content";
			sourceTree = "<group>";
		};
		798071922484AE7500EBDD1B /* BestPracticesUnitTestExampleTests */ = {
			isa = PBXGroup;
			children = (
				798071A724854F0A00EBDD1B /* Stubs */,
				798071A624854EFD00EBDD1B /* Mocks */,
				798071932484AE7500EBDD1B /* BestPracticesUnitTestExampleTests.swift */,
				798071952484AE7500EBDD1B /* Info.plist */,
				798071A0248549CD00EBDD1B /* ValueBasedTests.swift */,
				798071A224854E7800EBDD1B /* StateBasedTests.swift */,
				79926782248A989D00BBF4FE /* InteractionTests_callingSetup.swift */,
			);
			path = BestPracticesUnitTestExampleTests;
			sourceTree = "<group>";
		};
		798071A624854EFD00EBDD1B /* Mocks */ = {
			isa = PBXGroup;
			children = (
				798071A824854F6300EBDD1B /* FakeAnalytics.swift */,
			);
			path = Mocks;
			sourceTree = "<group>";
		};
		798071A724854F0A00EBDD1B /* Stubs */ = {
			isa = PBXGroup;
			children = (
				798071A424854EF200EBDD1B /* FakeStoresFactory.swift */,
			);
			path = Stubs;
			sourceTree = "<group>";
		};
/* End PBXGroup section */

/* Begin PBXNativeTarget section */
		798071782484AE7300EBDD1B /* BestPracticesUnitTestExample */ = {
			isa = PBXNativeTarget;
			buildConfigurationList = 798071982484AE7500EBDD1B /* Build configuration list for PBXNativeTarget "BestPracticesUnitTestExample" */;
			buildPhases = (
				798071752484AE7300EBDD1B /* Sources */,
				798071762484AE7300EBDD1B /* Frameworks */,
				798071772484AE7300EBDD1B /* Resources */,
			);
			buildRules = (
			);
			dependencies = (
			);
			name = BestPracticesUnitTestExample;
			productName = BestPracticesUnitTestExample;
			productReference = 798071792484AE7300EBDD1B /* BestPracticesUnitTestExample.app */;
			productType = "com.apple.product-type.application";
		};
		7980718E2484AE7500EBDD1B /* BestPracticesUnitTestExampleTests */ = {
			isa = PBXNativeTarget;
			buildConfigurationList = 7980719B2484AE7500EBDD1B /* Build configuration list for PBXNativeTarget "BestPracticesUnitTestExampleTests" */;
			buildPhases = (
				7980718B2484AE7500EBDD1B /* Sources */,
				7980718C2484AE7500EBDD1B /* Frameworks */,
				7980718D2484AE7500EBDD1B /* Resources */,
			);
			buildRules = (
			);
			dependencies = (
				798071912484AE7500EBDD1B /* PBXTargetDependency */,
			);
			name = BestPracticesUnitTestExampleTests;
			productName = BestPracticesUnitTestExampleTests;
			productReference = 7980718F2484AE7500EBDD1B /* BestPracticesUnitTestExampleTests.xctest */;
			productType = "com.apple.product-type.bundle.unit-test";
		};
/* End PBXNativeTarget section */

/* Begin PBXProject section */
		798071712484AE7300EBDD1B /* Project object */ = {
			isa = PBXProject;
			attributes = {
				LastSwiftUpdateCheck = 1130;
				LastUpgradeCheck = 1130;
				ORGANIZATIONNAME = "dario vallejo";
				TargetAttributes = {
					798071782484AE7300EBDD1B = {
						CreatedOnToolsVersion = 11.3.1;
					};
					7980718E2484AE7500EBDD1B = {
						CreatedOnToolsVersion = 11.3.1;
						TestTargetID = 798071782484AE7300EBDD1B;
					};
				};
			};
			buildConfigurationList = 798071742484AE7300EBDD1B /* Build configuration list for PBXProject "BestPracticesUnitTestExample" */;
			compatibilityVersion = "Xcode 9.3";
			developmentRegion = en;
			hasScannedForEncodings = 0;
			knownRegions = (
				en,
				Base,
			);
			mainGroup = 798071702484AE7300EBDD1B;
			productRefGroup = 7980717A2484AE7300EBDD1B /* Products */;
			projectDirPath = "";
			projectRoot = "";
			targets = (
				798071782484AE7300EBDD1B /* BestPracticesUnitTestExample */,
				7980718E2484AE7500EBDD1B /* BestPracticesUnitTestExampleTests */,
			);
		};
/* End PBXProject section */

/* Begin PBXResourcesBuildPhase section */
		798071772484AE7300EBDD1B /* Resources */ = {
			isa = PBXResourcesBuildPhase;
			buildActionMask = 2147483647;
			files = (
				798071892484AE7500EBDD1B /* LaunchScreen.storyboard in Resources */,
				798071862484AE7500EBDD1B /* Preview Assets.xcassets in Resources */,
				798071832484AE7500EBDD1B /* Assets.xcassets in Resources */,
			);
			runOnlyForDeploymentPostprocessing = 0;
		};
		7980718D2484AE7500EBDD1B /* Resources */ = {
			isa = PBXResourcesBuildPhase;
			buildActionMask = 2147483647;
			files = (
			);
			runOnlyForDeploymentPostprocessing = 0;
		};
/* End PBXResourcesBuildPhase section */

/* Begin PBXSourcesBuildPhase section */
		798071752484AE7300EBDD1B /* Sources */ = {
			isa = PBXSourcesBuildPhase;
			buildActionMask = 2147483647;
			files = (
				7980717D2484AE7300EBDD1B /* AppDelegate.swift in Sources */,
				7980717F2484AE7300EBDD1B /* SceneDelegate.swift in Sources */,
				798071812484AE7300EBDD1B /* ContentView.swift in Sources */,
				7980719F2484B8B000EBDD1B /* FilesForTest.swift in Sources */,
			);
			runOnlyForDeploymentPostprocessing = 0;
		};
		7980718B2484AE7500EBDD1B /* Sources */ = {
			isa = PBXSourcesBuildPhase;
			buildActionMask = 2147483647;
			files = (
				79926783248A989E00BBF4FE /* InteractionTests_callingSetup.swift in Sources */,
				798071A324854E7800EBDD1B /* StateBasedTests.swift in Sources */,
				798071A524854EF200EBDD1B /* FakeStoresFactory.swift in Sources */,
				798071A924854F6300EBDD1B /* FakeAnalytics.swift in Sources */,
				798071A1248549CD00EBDD1B /* ValueBasedTests.swift in Sources */,
				798071942484AE7500EBDD1B /* BestPracticesUnitTestExampleTests.swift in Sources */,
			);
			runOnlyForDeploymentPostprocessing = 0;
		};
/* End PBXSourcesBuildPhase section */

/* Begin PBXTargetDependency section */
		798071912484AE7500EBDD1B /* PBXTargetDependency */ = {
			isa = PBXTargetDependency;
			target = 798071782484AE7300EBDD1B /* BestPracticesUnitTestExample */;
			targetProxy = 798071902484AE7500EBDD1B /* PBXContainerItemProxy */;
		};
/* End PBXTargetDependency section */

/* Begin PBXVariantGroup section */
		798071872484AE7500EBDD1B /* LaunchScreen.storyboard */ = {
			isa = PBXVariantGroup;
			children = (
				798071882484AE7500EBDD1B /* Base */,
			);
			name = LaunchScreen.storyboard;
			sourceTree = "<group>";
		};
/* End PBXVariantGroup section */

/* Begin XCBuildConfiguration section */
		798071962484AE7500EBDD1B /* Debug */ = {
			isa = XCBuildConfiguration;
			buildSettings = {
				ALWAYS_SEARCH_USER_PATHS = NO;
				CLANG_ANALYZER_NONNULL = YES;
				CLANG_ANALYZER_NUMBER_OBJECT_CONVERSION = YES_AGGRESSIVE;
				CLANG_CXX_LANGUAGE_STANDARD = "gnu++14";
				CLANG_CXX_LIBRARY = "libc++";
				CLANG_ENABLE_MODULES = YES;
				CLANG_ENABLE_OBJC_ARC = YES;
				CLANG_ENABLE_OBJC_WEAK = YES;
				CLANG_WARN_BLOCK_CAPTURE_AUTORELEASING = YES;
				CLANG_WARN_BOOL_CONVERSION = YES;
				CLANG_WARN_COMMA = YES;
				CLANG_WARN_CONSTANT_CONVERSION = YES;
				CLANG_WARN_DEPRECATED_OBJC_IMPLEMENTATIONS = YES;
				CLANG_WARN_DIRECT_OBJC_ISA_USAGE = YES_ERROR;
				CLANG_WARN_DOCUMENTATION_COMMENTS = YES;
				CLANG_WARN_EMPTY_BODY = YES;
				CLANG_WARN_ENUM_CONVERSION = YES;
				CLANG_WARN_INFINITE_RECURSION = YES;
				CLANG_WARN_INT_CONVERSION = YES;
				CLANG_WARN_NON_LITERAL_NULL_CONVERSION = YES;
				CLANG_WARN_OBJC_IMPLICIT_RETAIN_SELF = YES;
				CLANG_WARN_OBJC_LITERAL_CONVERSION = YES;
				CLANG_WARN_OBJC_ROOT_CLASS = YES_ERROR;
				CLANG_WARN_RANGE_LOOP_ANALYSIS = YES;
				CLANG_WARN_STRICT_PROTOTYPES = YES;
				CLANG_WARN_SUSPICIOUS_MOVE = YES;
				CLANG_WARN_UNGUARDED_AVAILABILITY = YES_AGGRESSIVE;
				CLANG_WARN_UNREACHABLE_CODE = YES;
				CLANG_WARN__DUPLICATE_METHOD_MATCH = YES;
				COPY_PHASE_STRIP = NO;
				DEBUG_INFORMATION_FORMAT = dwarf;
				ENABLE_STRICT_OBJC_MSGSEND = YES;
				ENABLE_TESTABILITY = YES;
				GCC_C_LANGUAGE_STANDARD = gnu11;
				GCC_DYNAMIC_NO_PIC = NO;
				GCC_NO_COMMON_BLOCKS = YES;
				GCC_OPTIMIZATION_LEVEL = 0;
				GCC_PREPROCESSOR_DEFINITIONS = (
					"DEBUG=1",
					"$(inherited)",
				);
				GCC_WARN_64_TO_32_BIT_CONVERSION = YES;
				GCC_WARN_ABOUT_RETURN_TYPE = YES_ERROR;
				GCC_WARN_UNDECLARED_SELECTOR = YES;
				GCC_WARN_UNINITIALIZED_AUTOS = YES_AGGRESSIVE;
				GCC_WARN_UNUSED_FUNCTION = YES;
				GCC_WARN_UNUSED_VARIABLE = YES;
				IPHONEOS_DEPLOYMENT_TARGET = 13.2;
				MTL_ENABLE_DEBUG_INFO = INCLUDE_SOURCE;
				MTL_FAST_MATH = YES;
				ONLY_ACTIVE_ARCH = YES;
				SDKROOT = iphoneos;
				SWIFT_ACTIVE_COMPILATION_CONDITIONS = DEBUG;
				SWIFT_OPTIMIZATION_LEVEL = "-Onone";
			};
			name = Debug;
		};
		798071972484AE7500EBDD1B /* Release */ = {
			isa = XCBuildConfiguration;
			buildSettings = {
				ALWAYS_SEARCH_USER_PATHS = NO;
				CLANG_ANALYZER_NONNULL = YES;
				CLANG_ANALYZER_NUMBER_OBJECT_CONVERSION = YES_AGGRESSIVE;
				CLANG_CXX_LANGUAGE_STANDARD = "gnu++14";
				CLANG_CXX_LIBRARY = "libc++";
				CLANG_ENABLE_MODULES = YES;
				CLANG_ENABLE_OBJC_ARC = YES;
				CLANG_ENABLE_OBJC_WEAK = YES;
				CLANG_WARN_BLOCK_CAPTURE_AUTORELEASING = YES;
				CLANG_WARN_BOOL_CONVERSION = YES;
				CLANG_WARN_COMMA = YES;
				CLANG_WARN_CONSTANT_CONVERSION = YES;
				CLANG_WARN_DEPRECATED_OBJC_IMPLEMENTATIONS = YES;
				CLANG_WARN_DIRECT_OBJC_ISA_USAGE = YES_ERROR;
				CLANG_WARN_DOCUMENTATION_COMMENTS = YES;
				CLANG_WARN_EMPTY_BODY = YES;
				CLANG_WARN_ENUM_CONVERSION = YES;
				CLANG_WARN_INFINITE_RECURSION = YES;
				CLANG_WARN_INT_CONVERSION = YES;
				CLANG_WARN_NON_LITERAL_NULL_CONVERSION = YES;
				CLANG_WARN_OBJC_IMPLICIT_RETAIN_SELF = YES;
				CLANG_WARN_OBJC_LITERAL_CONVERSION = YES;
				CLANG_WARN_OBJC_ROOT_CLASS = YES_ERROR;
				CLANG_WARN_RANGE_LOOP_ANALYSIS = YES;
				CLANG_WARN_STRICT_PROTOTYPES = YES;
				CLANG_WARN_SUSPICIOUS_MOVE = YES;
				CLANG_WARN_UNGUARDED_AVAILABILITY = YES_AGGRESSIVE;
				CLANG_WARN_UNREACHABLE_CODE = YES;
				CLANG_WARN__DUPLICATE_METHOD_MATCH = YES;
				COPY_PHASE_STRIP = NO;
				DEBUG_INFORMATION_FORMAT = "dwarf-with-dsym";
				ENABLE_NS_ASSERTIONS = NO;
				ENABLE_STRICT_OBJC_MSGSEND = YES;
				GCC_C_LANGUAGE_STANDARD = gnu11;
				GCC_NO_COMMON_BLOCKS = YES;
				GCC_WARN_64_TO_32_BIT_CONVERSION = YES;
				GCC_WARN_ABOUT_RETURN_TYPE = YES_ERROR;
				GCC_WARN_UNDECLARED_SELECTOR = YES;
				GCC_WARN_UNINITIALIZED_AUTOS = YES_AGGRESSIVE;
				GCC_WARN_UNUSED_FUNCTION = YES;
				GCC_WARN_UNUSED_VARIABLE = YES;
				IPHONEOS_DEPLOYMENT_TARGET = 13.2;
				MTL_ENABLE_DEBUG_INFO = NO;
				MTL_FAST_MATH = YES;
				SDKROOT = iphoneos;
				SWIFT_COMPILATION_MODE = wholemodule;
				SWIFT_OPTIMIZATION_LEVEL = "-O";
				VALIDATE_PRODUCT = YES;
			};
			name = Release;
		};
		798071992484AE7500EBDD1B /* Debug */ = {
			isa = XCBuildConfiguration;
			buildSettings = {
				ASSETCATALOG_COMPILER_APPICON_NAME = AppIcon;
				CODE_SIGN_STYLE = Automatic;
				DEVELOPMENT_ASSET_PATHS = "\"BestPracticesUnitTestExample/Preview Content\"";
				ENABLE_PREVIEWS = YES;
				INFOPLIST_FILE = BestPracticesUnitTestExample/Info.plist;
				LD_RUNPATH_SEARCH_PATHS = (
					"$(inherited)",
					"@executable_path/Frameworks",
				);
				PRODUCT_BUNDLE_IDENTIFIER = darius.BestPracticesUnitTestExample;
				PRODUCT_NAME = "$(TARGET_NAME)";
				SWIFT_VERSION = 5.0;
				TARGETED_DEVICE_FAMILY = "1,2";
			};
			name = Debug;
		};
		7980719A2484AE7500EBDD1B /* Release */ = {
			isa = XCBuildConfiguration;
			buildSettings = {
				ASSETCATALOG_COMPILER_APPICON_NAME = AppIcon;
				CODE_SIGN_STYLE = Automatic;
				DEVELOPMENT_ASSET_PATHS = "\"BestPracticesUnitTestExample/Preview Content\"";
				ENABLE_PREVIEWS = YES;
				INFOPLIST_FILE = BestPracticesUnitTestExample/Info.plist;
				LD_RUNPATH_SEARCH_PATHS = (
					"$(inherited)",
					"@executable_path/Frameworks",
				);
				PRODUCT_BUNDLE_IDENTIFIER = darius.BestPracticesUnitTestExample;
				PRODUCT_NAME = "$(TARGET_NAME)";
				SWIFT_VERSION = 5.0;
				TARGETED_DEVICE_FAMILY = "1,2";
			};
			name = Release;
		};
		7980719C2484AE7500EBDD1B /* Debug */ = {
			isa = XCBuildConfiguration;
			buildSettings = {
				ALWAYS_EMBED_SWIFT_STANDARD_LIBRARIES = YES;
				BUNDLE_LOADER = "$(TEST_HOST)";
				CODE_SIGN_STYLE = Automatic;
				INFOPLIST_FILE = BestPracticesUnitTestExampleTests/Info.plist;
				IPHONEOS_DEPLOYMENT_TARGET = 13.2;
				LD_RUNPATH_SEARCH_PATHS = (
					"$(inherited)",
					"@executable_path/Frameworks",
					"@loader_path/Frameworks",
				);
				PRODUCT_BUNDLE_IDENTIFIER = darius.BestPracticesUnitTestExampleTests;
				PRODUCT_NAME = "$(TARGET_NAME)";
				SWIFT_VERSION = 5.0;
				TARGETED_DEVICE_FAMILY = "1,2";
				TEST_HOST = "$(BUILT_PRODUCTS_DIR)/BestPracticesUnitTestExample.app/BestPracticesUnitTestExample";
			};
			name = Debug;
		};
		7980719D2484AE7500EBDD1B /* Release */ = {
			isa = XCBuildConfiguration;
			buildSettings = {
				ALWAYS_EMBED_SWIFT_STANDARD_LIBRARIES = YES;
				BUNDLE_LOADER = "$(TEST_HOST)";
				CODE_SIGN_STYLE = Automatic;
				INFOPLIST_FILE = BestPracticesUnitTestExampleTests/Info.plist;
				IPHONEOS_DEPLOYMENT_TARGET = 13.2;
				LD_RUNPATH_SEARCH_PATHS = (
					"$(inherited)",
					"@executable_path/Frameworks",
					"@loader_path/Frameworks",
				);
				PRODUCT_BUNDLE_IDENTIFIER = darius.BestPracticesUnitTestExampleTests;
				PRODUCT_NAME = "$(TARGET_NAME)";
				SWIFT_VERSION = 5.0;
				TARGETED_DEVICE_FAMILY = "1,2";
				TEST_HOST = "$(BUILT_PRODUCTS_DIR)/BestPracticesUnitTestExample.app/BestPracticesUnitTestExample";
			};
			name = Release;
		};
/* End XCBuildConfiguration section */

/* Begin XCConfigurationList section */
		798071742484AE7300EBDD1B /* Build configuration list for PBXProject "BestPracticesUnitTestExample" */ = {
			isa = XCConfigurationList;
			buildConfigurations = (
				798071962484AE7500EBDD1B /* Debug */,
				798071972484AE7500EBDD1B /* Release */,
			);
			defaultConfigurationIsVisible = 0;
			defaultConfigurationName = Release;
		};
		798071982484AE7500EBDD1B /* Build configuration list for PBXNativeTarget "BestPracticesUnitTestExample" */ = {
			isa = XCConfigurationList;
			buildConfigurations = (
				798071992484AE7500EBDD1B /* Debug */,
				7980719A2484AE7500EBDD1B /* Release */,
			);
			defaultConfigurationIsVisible = 0;
			defaultConfigurationName = Release;
		};
		7980719B2484AE7500EBDD1B /* Build configuration list for PBXNativeTarget "BestPracticesUnitTestExampleTests" */ = {
			isa = XCConfigurationList;
			buildConfigurations = (
				7980719C2484AE7500EBDD1B /* Debug */,
				7980719D2484AE7500EBDD1B /* Release */,
			);
			defaultConfigurationIsVisible = 0;
			defaultConfigurationName = Release;
		};
/* End XCConfigurationList section */
	};
	rootObject = 798071712484AE7300EBDD1B /* Project object */;
}
